
Microsoft Visual Studio Solution File, Format Version 12.00
# Visual Studio Version 17
VisualStudioVersion = 17.14.36518.9 d17.14
MinimumVisualStudioVersion = 10.0.40219.1
Project("{FAE04EC0-301F-11D3-BF4B-00C04F79EFBC}") = "ContaCorrenteC#", "ContaCorrenteC#.csproj", "{EC166EB8-5DFE-4540-BFA6-677BB3051B65}"
EndProject
Global
	GlobalSection(SolutionConfigurationPlatforms) = preSolution
		Debug|Any CPU = Debug|Any CPU
		Release|Any CPU = Release|Any CPU
	EndGlobalSection
	GlobalSection(ProjectConfigurationPlatforms) = postSolution
		{EC166EB8-5DFE-4540-BFA6-677BB3051B65}.Debug|Any CPU.ActiveCfg = Debug|Any CPU
		{EC166EB8-5DFE-4540-BFA6-677BB3051B65}.Debug|Any CPU.Build.0 = Debug|Any CPU
		{EC166EB8-5DFE-4540-BFA6-677BB3051B65}.Release|Any CPU.ActiveCfg = Release|Any CPU
		{EC166EB8-5DFE-4540-BFA6-677BB3051B65}.Release|Any CPU.Build.0 = Release|Any CPU
	EndGlobalSection
	GlobalSection(SolutionProperties) = preSolution
		HideSolutionNode = FALSE
	EndGlobalSection
	GlobalSection(ExtensibilityGlobals) = postSolution
		SolutionGuid = {8991EEB9-5AFB-45E0-B99C-EEDF1A04D755}
	EndGlobalSection
EndGlobal
